
Microsoft Visual Studio Solution File, Format Version 12.00
# Visual Studio Version 17
VisualStudioVersion = 17.0.31903.59
MinimumVisualStudioVersion = 10.0.40219.1
Project("{2150E333-8FDC-42A3-9474-1A3956D46DE8}") = "src", "src", "{827E0CD3-B72D-47B6-A68D-7590B98EB39B}"
EndProject
Project("{2150E333-8FDC-42A3-9474-1A3956D46DE8}") = "NetDaemon", "NetDaemon", "{6C7E4EBF-55D0-91E6-37BB-467FD6FCC847}"
EndProject
Project("{FAE04EC0-301F-11D3-BF4B-00C04F79EFBC}") = "HomeAutomations", "src\NetDaemon\HomeAutomations.csproj", "{D144743C-80CE-4D39-A269-B1B9602B0BDA}"
EndProject
Project("{2150E333-8FDC-42A3-9474-1A3956D46DE8}") = "tests", "tests", "{0AB3BF05-4346-4AA6-1389-037BE0695223}"
EndProject
Project("{FAE04EC0-301F-11D3-BF4B-00C04F79EFBC}") = "HomeAutomations.Tests", "tests\HomeAutomations.Tests\HomeAutomations.Tests.csproj", "{F3D42F26-462A-4B39-AEBD-961ED351BC64}"
EndProject
Global
	GlobalSection(SolutionConfigurationPlatforms) = preSolution
		Debug|Any CPU = Debug|Any CPU
		Debug|x64 = Debug|x64
		Debug|x86 = Debug|x86
		Release|Any CPU = Release|Any CPU
		Release|x64 = Release|x64
		Release|x86 = Release|x86
	EndGlobalSection
	GlobalSection(ProjectConfigurationPlatforms) = postSolution
		{D144743C-80CE-4D39-A269-B1B9602B0BDA}.Debug|Any CPU.ActiveCfg = Debug|Any CPU
		{D144743C-80CE-4D39-A269-B1B9602B0BDA}.Debug|Any CPU.Build.0 = Debug|Any CPU
		{D144743C-80CE-4D39-A269-B1B9602B0BDA}.Debug|x64.ActiveCfg = Debug|Any CPU
		{D144743C-80CE-4D39-A269-B1B9602B0BDA}.Debug|x64.Build.0 = Debug|Any CPU
		{D144743C-80CE-4D39-A269-B1B9602B0BDA}.Debug|x86.ActiveCfg = Debug|Any CPU
		{D144743C-80CE-4D39-A269-B1B9602B0BDA}.Debug|x86.Build.0 = Debug|Any CPU
		{D144743C-80CE-4D39-A269-B1B9602B0BDA}.Release|Any CPU.ActiveCfg = Release|Any CPU
		{D144743C-80CE-4D39-A269-B1B9602B0BDA}.Release|Any CPU.Build.0 = Release|Any CPU
		{D144743C-80CE-4D39-A269-B1B9602B0BDA}.Release|x64.ActiveCfg = Release|Any CPU
		{D144743C-80CE-4D39-A269-B1B9602B0BDA}.Release|x64.Build.0 = Release|Any CPU
		{D144743C-80CE-4D39-A269-B1B9602B0BDA}.Release|x86.ActiveCfg = Release|Any CPU
		{D144743C-80CE-4D39-A269-B1B9602B0BDA}.Release|x86.Build.0 = Release|Any CPU
		{F3D42F26-462A-4B39-AEBD-961ED351BC64}.Debug|Any CPU.ActiveCfg = Debug|Any CPU
		{F3D42F26-462A-4B39-AEBD-961ED351BC64}.Debug|Any CPU.Build.0 = Debug|Any CPU
		{F3D42F26-462A-4B39-AEBD-961ED351BC64}.Debug|x64.ActiveCfg = Debug|Any CPU
		{F3D42F26-462A-4B39-AEBD-961ED351BC64}.Debug|x64.Build.0 = Debug|Any CPU
		{F3D42F26-462A-4B39-AEBD-961ED351BC64}.Debug|x86.ActiveCfg = Debug|Any CPU
		{F3D42F26-462A-4B39-AEBD-961ED351BC64}.Debug|x86.Build.0 = Debug|Any CPU
		{F3D42F26-462A-4B39-AEBD-961ED351BC64}.Release|Any CPU.ActiveCfg = Release|Any CPU
		{F3D42F26-462A-4B39-AEBD-961ED351BC64}.Release|Any CPU.Build.0 = Release|Any CPU
		{F3D42F26-462A-4B39-AEBD-961ED351BC64}.Release|x64.ActiveCfg = Release|Any CPU
		{F3D42F26-462A-4B39-AEBD-961ED351BC64}.Release|x64.Build.0 = Release|Any CPU
		{F3D42F26-462A-4B39-AEBD-961ED351BC64}.Release|x86.ActiveCfg = Release|Any CPU
		{F3D42F26-462A-4B39-AEBD-961ED351BC64}.Release|x86.Build.0 = Release|Any CPU
	EndGlobalSection
	GlobalSection(SolutionProperties) = preSolution
		HideSolutionNode = FALSE
	EndGlobalSection
	GlobalSection(NestedProjects) = preSolution
		{6C7E4EBF-55D0-91E6-37BB-467FD6FCC847} = {827E0CD3-B72D-47B6-A68D-7590B98EB39B}
		{D144743C-80CE-4D39-A269-B1B9602B0BDA} = {6C7E4EBF-55D0-91E6-37BB-467FD6FCC847}
		{F3D42F26-462A-4B39-AEBD-961ED351BC64} = {0AB3BF05-4346-4AA6-1389-037BE0695223}
	EndGlobalSection
EndGlobal
